
Microsoft Visual Studio Solution File, Format Version 12.00
# Visual Studio Version 17
VisualStudioVersion = 17.0.31903.59
MinimumVisualStudioVersion = 10.0.40219.1
Project("{2150E333-8FDC-42A3-9474-1A3956D46DE8}") = "src", "src", "{827E0CD3-B72D-47B6-A68D-7590B98EB39B}"
EndProject
Project("{FAE04EC0-301F-11D3-BF4B-00C04F79EFBC}") = "Licitaciones.Api", "src\Licitaciones.Api\Licitaciones.Api.csproj", "{FF90F5B9-EA17-41CB-94D7-7ABC673DB644}"
EndProject
Project("{FAE04EC0-301F-11D3-BF4B-00C04F79EFBC}") = "Licitaciones.Application", "src\Licitaciones.Application\Licitaciones.Application.csproj", "{DCE3D80A-5070-4207-8CC4-ADF76AF8DAB8}"
EndProject
Project("{FAE04EC0-301F-11D3-BF4B-00C04F79EFBC}") = "Licitaciones.Domain", "src\Licitaciones.Domain\Licitaciones.Domain.csproj", "{8321B49A-06BF-4FF2-8D01-60A496FB6C40}"
EndProject
Project("{FAE04EC0-301F-11D3-BF4B-00C04F79EFBC}") = "Licitaciones.Infrastructure", "src\Licitaciones.Infrastructure\Licitaciones.Infrastructure.csproj", "{1C10B325-788A-4FC2-A4D2-7C9FA25B3FA0}"
EndProject
Project("{FAE04EC0-301F-11D3-BF4B-00C04F79EFBC}") = "Licitaciones.Web", "src\Licitaciones.Web\Licitaciones.Web.csproj", "{E56F01C7-91DE-43FE-BC74-60457EAE0140}"
EndProject
Project("{FAE04EC0-301F-11D3-BF4B-00C04F79EFBC}") = "Licitaciones.FunctionalTests", "tests\Licitaciones.FunctionalTests\Licitaciones.FunctionalTests.csproj", "{3C25DFA7-E805-48A1-846B-A24096EDB94A}"
EndProject
Project("{FAE04EC0-301F-11D3-BF4B-00C04F79EFBC}") = "Licitaciones.IntegrationTests", "tests\Licitaciones.IntegrationTests\Licitaciones.IntegrationTests.csproj", "{14A334A0-9A43-43F6-A4C5-E4403951048D}"
EndProject
Project("{FAE04EC0-301F-11D3-BF4B-00C04F79EFBC}") = "Licitaciones.UnitTests", "tests\Licitaciones.UnitTests\Licitaciones.UnitTests.csproj", "{2D774387-ED26-49FA-B0AA-EDA2D1EE8756}"
EndProject
Global
	GlobalSection(SolutionConfigurationPlatforms) = preSolution
		Debug|Any CPU = Debug|Any CPU
		Debug|x64 = Debug|x64
		Debug|x86 = Debug|x86
		Release|Any CPU = Release|Any CPU
		Release|x64 = Release|x64
		Release|x86 = Release|x86
	EndGlobalSection
	GlobalSection(ProjectConfigurationPlatforms) = postSolution
		{FF90F5B9-EA17-41CB-94D7-7ABC673DB644}.Debug|Any CPU.ActiveCfg = Debug|Any CPU
		{FF90F5B9-EA17-41CB-94D7-7ABC673DB644}.Debug|Any CPU.Build.0 = Debug|Any CPU
		{FF90F5B9-EA17-41CB-94D7-7ABC673DB644}.Debug|x64.ActiveCfg = Debug|Any CPU
		{FF90F5B9-EA17-41CB-94D7-7ABC673DB644}.Debug|x64.Build.0 = Debug|Any CPU
		{FF90F5B9-EA17-41CB-94D7-7ABC673DB644}.Debug|x86.ActiveCfg = Debug|Any CPU
		{FF90F5B9-EA17-41CB-94D7-7ABC673DB644}.Debug|x86.Build.0 = Debug|Any CPU
		{FF90F5B9-EA17-41CB-94D7-7ABC673DB644}.Release|Any CPU.ActiveCfg = Release|Any CPU
		{FF90F5B9-EA17-41CB-94D7-7ABC673DB644}.Release|Any CPU.Build.0 = Release|Any CPU
		{FF90F5B9-EA17-41CB-94D7-7ABC673DB644}.Release|x64.ActiveCfg = Release|Any CPU
		{FF90F5B9-EA17-41CB-94D7-7ABC673DB644}.Release|x64.Build.0 = Release|Any CPU
		{FF90F5B9-EA17-41CB-94D7-7ABC673DB644}.Release|x86.ActiveCfg = Release|Any CPU
		{FF90F5B9-EA17-41CB-94D7-7ABC673DB644}.Release|x86.Build.0 = Release|Any CPU
		{DCE3D80A-5070-4207-8CC4-ADF76AF8DAB8}.Debug|Any CPU.ActiveCfg = Debug|Any CPU
		{DCE3D80A-5070-4207-8CC4-ADF76AF8DAB8}.Debug|Any CPU.Build.0 = Debug|Any CPU
		{DCE3D80A-5070-4207-8CC4-ADF76AF8DAB8}.Debug|x64.ActiveCfg = Debug|Any CPU
		{DCE3D80A-5070-4207-8CC4-ADF76AF8DAB8}.Debug|x64.Build.0 = Debug|Any CPU
		{DCE3D80A-5070-4207-8CC4-ADF76AF8DAB8}.Debug|x86.ActiveCfg = Debug|Any CPU
		{DCE3D80A-5070-4207-8CC4-ADF76AF8DAB8}.Debug|x86.Build.0 = Debug|Any CPU
		{DCE3D80A-5070-4207-8CC4-ADF76AF8DAB8}.Release|Any CPU.ActiveCfg = Release|Any CPU
		{DCE3D80A-5070-4207-8CC4-ADF76AF8DAB8}.Release|Any CPU.Build.0 = Release|Any CPU
		{DCE3D80A-5070-4207-8CC4-ADF76AF8DAB8}.Release|x64.ActiveCfg = Release|Any CPU
		{DCE3D80A-5070-4207-8CC4-ADF76AF8DAB8}.Release|x64.Build.0 = Release|Any CPU
		{DCE3D80A-5070-4207-8CC4-ADF76AF8DAB8}.Release|x86.ActiveCfg = Release|Any CPU
		{DCE3D80A-5070-4207-8CC4-ADF76AF8DAB8}.Release|x86.Build.0 = Release|Any CPU
		{8321B49A-06BF-4FF2-8D01-60A496FB6C40}.Debug|Any CPU.ActiveCfg = Debug|Any CPU
		{8321B49A-06BF-4FF2-8D01-60A496FB6C40}.Debug|Any CPU.Build.0 = Debug|Any CPU
		{8321B49A-06BF-4FF2-8D01-60A496FB6C40}.Debug|x64.ActiveCfg = Debug|Any CPU
		{8321B49A-06BF-4FF2-8D01-60A496FB6C40}.Debug|x64.Build.0 = Debug|Any CPU
		{8321B49A-06BF-4FF2-8D01-60A496FB6C40}.Debug|x86.ActiveCfg = Debug|Any CPU
		{8321B49A-06BF-4FF2-8D01-60A496FB6C40}.Debug|x86.Build.0 = Debug|Any CPU
		{8321B49A-06BF-4FF2-8D01-60A496FB6C40}.Release|Any CPU.ActiveCfg = Release|Any CPU
		{8321B49A-06BF-4FF2-8D01-60A496FB6C40}.Release|Any CPU.Build.0 = Release|Any CPU
		{8321B49A-06BF-4FF2-8D01-60A496FB6C40}.Release|x64.ActiveCfg = Release|Any CPU
		{8321B49A-06BF-4FF2-8D01-60A496FB6C40}.Release|x64.Build.0 = Release|Any CPU
		{8321B49A-06BF-4FF2-8D01-60A496FB6C40}.Release|x86.ActiveCfg = Release|Any CPU
		{8321B49A-06BF-4FF2-8D01-60A496FB6C40}.Release|x86.Build.0 = Release|Any CPU
		{1C10B325-788A-4FC2-A4D2-7C9FA25B3FA0}.Debug|Any CPU.ActiveCfg = Debug|Any CPU
		{1C10B325-788A-4FC2-A4D2-7C9FA25B3FA0}.Debug|Any CPU.Build.0 = Debug|Any CPU
		{1C10B325-788A-4FC2-A4D2-7C9FA25B3FA0}.Debug|x64.ActiveCfg = Debug|Any CPU
		{1C10B325-788A-4FC2-A4D2-7C9FA25B3FA0}.Debug|x64.Build.0 = Debug|Any CPU
		{1C10B325-788A-4FC2-A4D2-7C9FA25B3FA0}.Debug|x86.ActiveCfg = Debug|Any CPU
		{1C10B325-788A-4FC2-A4D2-7C9FA25B3FA0}.Debug|x86.Build.0 = Debug|Any CPU
		{1C10B325-788A-4FC2-A4D2-7C9FA25B3FA0}.Release|Any CPU.ActiveCfg = Release|Any CPU
		{1C10B325-788A-4FC2-A4D2-7C9FA25B3FA0}.Release|Any CPU.Build.0 = Release|Any CPU
		{1C10B325-788A-4FC2-A4D2-7C9FA25B3FA0}.Release|x64.ActiveCfg = Release|Any CPU
		{1C10B325-788A-4FC2-A4D2-7C9FA25B3FA0}.Release|x64.Build.0 = Release|Any CPU
		{1C10B325-788A-4FC2-A4D2-7C9FA25B3FA0}.Release|x86.ActiveCfg = Release|Any CPU
		{1C10B325-788A-4FC2-A4D2-7C9FA25B3FA0}.Release|x86.Build.0 = Release|Any CPU
		{E56F01C7-91DE-43FE-BC74-60457EAE0140}.Debug|Any CPU.ActiveCfg = Debug|Any CPU
		{E56F01C7-91DE-43FE-BC74-60457EAE0140}.Debug|Any CPU.Build.0 = Debug|Any CPU
		{E56F01C7-91DE-43FE-BC74-60457EAE0140}.Debug|x64.ActiveCfg = Debug|Any CPU
		{E56F01C7-91DE-43FE-BC74-60457EAE0140}.Debug|x64.Build.0 = Debug|Any CPU
		{E56F01C7-91DE-43FE-BC74-60457EAE0140}.Debug|x86.ActiveCfg = Debug|Any CPU
		{E56F01C7-91DE-43FE-BC74-60457EAE0140}.Debug|x86.Build.0 = Debug|Any CPU
		{E56F01C7-91DE-43FE-BC74-60457EAE0140}.Release|Any CPU.ActiveCfg = Release|Any CPU
		{E56F01C7-91DE-43FE-BC74-60457EAE0140}.Release|Any CPU.Build.0 = Release|Any CPU
		{E56F01C7-91DE-43FE-BC74-60457EAE0140}.Release|x64.ActiveCfg = Release|Any CPU
		{E56F01C7-91DE-43FE-BC74-60457EAE0140}.Release|x64.Build.0 = Release|Any CPU
		{E56F01C7-91DE-43FE-BC74-60457EAE0140}.Release|x86.ActiveCfg = Release|Any CPU
		{E56F01C7-91DE-43FE-BC74-60457EAE0140}.Release|x86.Build.0 = Release|Any CPU
		{3C25DFA7-E805-48A1-846B-A24096EDB94A}.Debug|Any CPU.ActiveCfg = Debug|Any CPU
		{3C25DFA7-E805-48A1-846B-A24096EDB94A}.Debug|Any CPU.Build.0 = Debug|Any CPU
		{3C25DFA7-E805-48A1-846B-A24096EDB94A}.Debug|x64.ActiveCfg = Debug|Any CPU
		{3C25DFA7-E805-48A1-846B-A24096EDB94A}.Debug|x64.Build.0 = Debug|Any CPU
		{3C25DFA7-E805-48A1-846B-A24096EDB94A}.Debug|x86.ActiveCfg = Debug|Any CPU
		{3C25DFA7-E805-48A1-846B-A24096EDB94A}.Debug|x86.Build.0 = Debug|Any CPU
		{3C25DFA7-E805-48A1-846B-A24096EDB94A}.Release|Any CPU.ActiveCfg = Release|Any CPU
		{3C25DFA7-E805-48A1-846B-A24096EDB94A}.Release|Any CPU.Build.0 = Release|Any CPU
		{3C25DFA7-E805-48A1-846B-A24096EDB94A}.Release|x64.ActiveCfg = Release|Any CPU
		{3C25DFA7-E805-48A1-846B-A24096EDB94A}.Release|x64.Build.0 = Release|Any CPU
		{3C25DFA7-E805-48A1-846B-A24096EDB94A}.Release|x86.ActiveCfg = Release|Any CPU
		{3C25DFA7-E805-48A1-846B-A24096EDB94A}.Release|x86.Build.0 = Release|Any CPU
		{14A334A0-9A43-43F6-A4C5-E4403951048D}.Debug|Any CPU.ActiveCfg = Debug|Any CPU
		{14A334A0-9A43-43F6-A4C5-E4403951048D}.Debug|Any CPU.Build.0 = Debug|Any CPU
		{14A334A0-9A43-43F6-A4C5-E4403951048D}.Debug|x64.ActiveCfg = Debug|Any CPU
		{14A334A0-9A43-43F6-A4C5-E4403951048D}.Debug|x64.Build.0 = Debug|Any CPU
		{14A334A0-9A43-43F6-A4C5-E4403951048D}.Debug|x86.ActiveCfg = Debug|Any CPU
		{14A334A0-9A43-43F6-A4C5-E4403951048D}.Debug|x86.Build.0 = Debug|Any CPU
		{14A334A0-9A43-43F6-A4C5-E4403951048D}.Release|Any CPU.ActiveCfg = Release|Any CPU
		{14A334A0-9A43-43F6-A4C5-E4403951048D}.Release|Any CPU.Build.0 = Release|Any CPU
		{14A334A0-9A43-43F6-A4C5-E4403951048D}.Release|x64.ActiveCfg = Release|Any CPU
		{14A334A0-9A43-43F6-A4C5-E4403951048D}.Release|x64.Build.0 = Release|Any CPU
		{14A334A0-9A43-43F6-A4C5-E4403951048D}.Release|x86.ActiveCfg = Release|Any CPU
		{14A334A0-9A43-43F6-A4C5-E4403951048D}.Release|x86.Build.0 = Release|Any CPU
		{2D774387-ED26-49FA-B0AA-EDA2D1EE8756}.Debug|Any CPU.ActiveCfg = Debug|Any CPU
		{2D774387-ED26-49FA-B0AA-EDA2D1EE8756}.Debug|Any CPU.Build.0 = Debug|Any CPU
		{2D774387-ED26-49FA-B0AA-EDA2D1EE8756}.Debug|x64.ActiveCfg = Debug|Any CPU
		{2D774387-ED26-49FA-B0AA-EDA2D1EE8756}.Debug|x64.Build.0 = Debug|Any CPU
		{2D774387-ED26-49FA-B0AA-EDA2D1EE8756}.Debug|x86.ActiveCfg = Debug|Any CPU
		{2D774387-ED26-49FA-B0AA-EDA2D1EE8756}.Debug|x86.Build.0 = Debug|Any CPU
		{2D774387-ED26-49FA-B0AA-EDA2D1EE8756}.Release|Any CPU.ActiveCfg = Release|Any CPU
		{2D774387-ED26-49FA-B0AA-EDA2D1EE8756}.Release|Any CPU.Build.0 = Release|Any CPU
		{2D774387-ED26-49FA-B0AA-EDA2D1EE8756}.Release|x64.ActiveCfg = Release|Any CPU
		{2D774387-ED26-49FA-B0AA-EDA2D1EE8756}.Release|x64.Build.0 = Release|Any CPU
		{2D774387-ED26-49FA-B0AA-EDA2D1EE8756}.Release|x86.ActiveCfg = Release|Any CPU
		{2D774387-ED26-49FA-B0AA-EDA2D1EE8756}.Release|x86.Build.0 = Release|Any CPU
	EndGlobalSection
	GlobalSection(SolutionProperties) = preSolution
		HideSolutionNode = FALSE
	EndGlobalSection
	GlobalSection(NestedProjects) = preSolution
		{FF90F5B9-EA17-41CB-94D7-7ABC673DB644} = {827E0CD3-B72D-47B6-A68D-7590B98EB39B}
		{DCE3D80A-5070-4207-8CC4-ADF76AF8DAB8} = {827E0CD3-B72D-47B6-A68D-7590B98EB39B}
		{8321B49A-06BF-4FF2-8D01-60A496FB6C40} = {827E0CD3-B72D-47B6-A68D-7590B98EB39B}
		{1C10B325-788A-4FC2-A4D2-7C9FA25B3FA0} = {827E0CD3-B72D-47B6-A68D-7590B98EB39B}
		{E56F01C7-91DE-43FE-BC74-60457EAE0140} = {827E0CD3-B72D-47B6-A68D-7590B98EB39B}
		{3C25DFA7-E805-48A1-846B-A24096EDB94A} = {827E0CD3-B72D-47B6-A68D-7590B98EB39B}
		{14A334A0-9A43-43F6-A4C5-E4403951048D} = {827E0CD3-B72D-47B6-A68D-7590B98EB39B}
		{2D774387-ED26-49FA-B0AA-EDA2D1EE8756} = {827E0CD3-B72D-47B6-A68D-7590B98EB39B}
	EndGlobalSection
EndGlobal
